{
  "name": "@xmx-cli-dev/init",
  "version": "1.0.4",
  "lockfileVersion": 3,
  "requires": true,
  "packages": {
    "": {
      "name": "@xmx-cli-dev/init",
      "version": "1.0.4",
      "license": "ISC",
      "dependencies": {
        "@xmx-cli-dev/command": "file:../../models/command",
        "@xmx-cli-dev/log": "file:../../utils/log"
      }
    },
    "../../models/command": {
      "name": "@xmx-cli-dev/command",
      "version": "1.0.4",
      "license": "ISC",
      "dependencies": {
        "@xmx-cli-dev/log": "file:../../utils/log",
        "colors": "^1.4.0",
        "semver": "^7.6.3"
      }
    },
    "../../utils/log": {
      "version": "1.0.4",
      "license": "ISC",
      "dependencies": {
        "npmlog": "^7.0.1"
      }
    },
    "node_modules/@xmx-cli-dev/command": {
      "resolved": "../../models/command",
      "link": true
    },
    "node_modules/@xmx-cli-dev/log": {
      "resolved": "../../utils/log",
      "link": true
    }
  }
}
